
Microsoft Visual Studio Solution File, Format Version 11.00
# Visual Studio 2010
Project("{F184B08F-C81C-45F6-A57F-5ABD9991F28F}") = "Prototype1.1", "Prototype1.1\Prototype1.1.vbproj", "{CA3D28F8-71ED-435C-8E3C-8C49D205BB8A}"
EndProject
Global
	GlobalSection(SolutionConfigurationPlatforms) = preSolution
		Debug|x86 = Debug|x86
		Release|x86 = Release|x86
	EndGlobalSection
	GlobalSection(ProjectConfigurationPlatforms) = postSolution
		{CA3D28F8-71ED-435C-8E3C-8C49D205BB8A}.Debug|x86.ActiveCfg = Debug|x86
		{CA3D28F8-71ED-435C-8E3C-8C49D205BB8A}.Debug|x86.Build.0 = Debug|x86
		{CA3D28F8-71ED-435C-8E3C-8C49D205BB8A}.Release|x86.ActiveCfg = Release|x86
		{CA3D28F8-71ED-435C-8E3C-8C49D205BB8A}.Release|x86.Build.0 = Release|x86
	EndGlobalSection
	GlobalSection(SolutionProperties) = preSolution
		HideSolutionNode = FALSE
	EndGlobalSection
EndGlobal
